
Microsoft Visual Studio Solution File, Format Version 12.00
# Visual Studio Version 17
VisualStudioVersion = 17.0.32112.339
MinimumVisualStudioVersion = 10.0.40219.1
Project("{F184B08F-C81C-45F6-A57F-5ABD9991F28F}") = "PointLib", "PointLib\PointLib.vbproj", "{5D9BE839-838B-493C-832D-465F59093C54}"
EndProject
Project("{FAE04EC0-301F-11D3-BF4B-00C04F79EFBC}") = "FormApp", "FormApp\FormApp.csproj", "{B2D19BE0-3115-45EB-9DE0-F9B5814CD713}"
EndProject
Global
	GlobalSection(SolutionConfigurationPlatforms) = preSolution
		Debug|Any CPU = Debug|Any CPU
		Release|Any CPU = Release|Any CPU
	EndGlobalSection
	GlobalSection(ProjectConfigurationPlatforms) = postSolution
		{5D9BE839-838B-493C-832D-465F59093C54}.Debug|Any CPU.ActiveCfg = Debug|Any CPU
		{5D9BE839-838B-493C-832D-465F59093C54}.Debug|Any CPU.Build.0 = Debug|Any CPU
		{5D9BE839-838B-493C-832D-465F59093C54}.Release|Any CPU.ActiveCfg = Release|Any CPU
		{5D9BE839-838B-493C-832D-465F59093C54}.Release|Any CPU.Build.0 = Release|Any CPU
		{B2D19BE0-3115-45EB-9DE0-F9B5814CD713}.Debug|Any CPU.ActiveCfg = Debug|Any CPU
		{B2D19BE0-3115-45EB-9DE0-F9B5814CD713}.Debug|Any CPU.Build.0 = Debug|Any CPU
		{B2D19BE0-3115-45EB-9DE0-F9B5814CD713}.Release|Any CPU.ActiveCfg = Release|Any CPU
		{B2D19BE0-3115-45EB-9DE0-F9B5814CD713}.Release|Any CPU.Build.0 = Release|Any CPU
	EndGlobalSection
	GlobalSection(SolutionProperties) = preSolution
		HideSolutionNode = FALSE
	EndGlobalSection
	GlobalSection(ExtensibilityGlobals) = postSolution
		SolutionGuid = {0273AD32-1669-4EBF-B92E-03DC06DF04AE}
	EndGlobalSection
EndGlobal
